
Microsoft Visual Studio Solution File, Format Version 12.00
# Visual Studio Version 17
VisualStudioVersion = 17.0.31903.59
MinimumVisualStudioVersion = 10.0.40219.1
Project("{2150E333-8FDC-42A3-9474-1A3956D46DE8}") = "src", "src", "{A5555984-FAFC-4CA1-AA0B-79A71F015206}"
EndProject
Project("{FAE04EC0-301F-11D3-BF4B-00C04F79EFBC}") = "SportLize.Profile.Api", "src\SportLize.Profile.Api\SportLize.Profile.Api.csproj", "{9D68131D-A826-4A6E-A7E8-B11052611622}"
EndProject
Project("{FAE04EC0-301F-11D3-BF4B-00C04F79EFBC}") = "SportLize.Group.Api", "src\SportLize.Group.Api\SportLize.Group.Api.csproj", "{59EE2402-1E40-4BE4-975B-2046730FA50E}"
EndProject
Project("{FAE04EC0-301F-11D3-BF4B-00C04F79EFBC}") = "SportLize.Home.Api", "src\SportLize.Home.Api\SportLize.Home.Api.csproj", "{69479DD3-4518-4A8F-A15F-C02C0A11CEAF}"
EndProject
Project("{E53339B2-1760-4266-BCC7-CA923CBCF16C}") = "docker-compose", "docker-compose.dcproj", "{4273B1EA-3F4B-4A55-9618-4C34C5F3DD25}"
EndProject
Project("{FAE04EC0-301F-11D3-BF4B-00C04F79EFBC}") = "SportLize.Front.Razor", "src\SportLize.Front.Razor\SportLize.Front.Razor.csproj", "{EEE372D0-99C7-45C3-A47F-C18E1798C104}"
EndProject
Global
	GlobalSection(SolutionConfigurationPlatforms) = preSolution
		Debug|Any CPU = Debug|Any CPU
		Release|Any CPU = Release|Any CPU
	EndGlobalSection
	GlobalSection(SolutionProperties) = preSolution
		HideSolutionNode = FALSE
	EndGlobalSection
	GlobalSection(ProjectConfigurationPlatforms) = postSolution
		{9D68131D-A826-4A6E-A7E8-B11052611622}.Debug|Any CPU.ActiveCfg = Debug|Any CPU
		{9D68131D-A826-4A6E-A7E8-B11052611622}.Debug|Any CPU.Build.0 = Debug|Any CPU
		{9D68131D-A826-4A6E-A7E8-B11052611622}.Release|Any CPU.ActiveCfg = Release|Any CPU
		{9D68131D-A826-4A6E-A7E8-B11052611622}.Release|Any CPU.Build.0 = Release|Any CPU
		{59EE2402-1E40-4BE4-975B-2046730FA50E}.Debug|Any CPU.ActiveCfg = Debug|Any CPU
		{59EE2402-1E40-4BE4-975B-2046730FA50E}.Debug|Any CPU.Build.0 = Debug|Any CPU
		{59EE2402-1E40-4BE4-975B-2046730FA50E}.Release|Any CPU.ActiveCfg = Release|Any CPU
		{59EE2402-1E40-4BE4-975B-2046730FA50E}.Release|Any CPU.Build.0 = Release|Any CPU
		{69479DD3-4518-4A8F-A15F-C02C0A11CEAF}.Debug|Any CPU.ActiveCfg = Debug|Any CPU
		{69479DD3-4518-4A8F-A15F-C02C0A11CEAF}.Debug|Any CPU.Build.0 = Debug|Any CPU
		{69479DD3-4518-4A8F-A15F-C02C0A11CEAF}.Release|Any CPU.ActiveCfg = Release|Any CPU
		{69479DD3-4518-4A8F-A15F-C02C0A11CEAF}.Release|Any CPU.Build.0 = Release|Any CPU
		{4273B1EA-3F4B-4A55-9618-4C34C5F3DD25}.Debug|Any CPU.ActiveCfg = Debug|Any CPU
		{4273B1EA-3F4B-4A55-9618-4C34C5F3DD25}.Debug|Any CPU.Build.0 = Debug|Any CPU
		{4273B1EA-3F4B-4A55-9618-4C34C5F3DD25}.Release|Any CPU.ActiveCfg = Release|Any CPU
		{4273B1EA-3F4B-4A55-9618-4C34C5F3DD25}.Release|Any CPU.Build.0 = Release|Any CPU
		{EEE372D0-99C7-45C3-A47F-C18E1798C104}.Debug|Any CPU.ActiveCfg = Debug|Any CPU
		{EEE372D0-99C7-45C3-A47F-C18E1798C104}.Debug|Any CPU.Build.0 = Debug|Any CPU
		{EEE372D0-99C7-45C3-A47F-C18E1798C104}.Release|Any CPU.ActiveCfg = Release|Any CPU
		{EEE372D0-99C7-45C3-A47F-C18E1798C104}.Release|Any CPU.Build.0 = Release|Any CPU
	EndGlobalSection
	GlobalSection(NestedProjects) = preSolution
		{9D68131D-A826-4A6E-A7E8-B11052611622} = {A5555984-FAFC-4CA1-AA0B-79A71F015206}
		{59EE2402-1E40-4BE4-975B-2046730FA50E} = {A5555984-FAFC-4CA1-AA0B-79A71F015206}
		{69479DD3-4518-4A8F-A15F-C02C0A11CEAF} = {A5555984-FAFC-4CA1-AA0B-79A71F015206}
		{EEE372D0-99C7-45C3-A47F-C18E1798C104} = {A5555984-FAFC-4CA1-AA0B-79A71F015206}
	EndGlobalSection
EndGlobal
